// !$*UTF8*$!
{
	archiveVersion = 1;
	classes = {
	};
	objectVersion = 48;
	objects = {

/* Begin PBXBuildFile section */
		3106D80B1FB45F5100476D25 /* Group@2x.png in Resources */ = {isa = PBXBuildFile; fileRef = 3106D8081FB45F5000476D25 /* Group@2x.png */; };
		3106D80C1FB45F5100476D25 /* Group@1x.png in Resources */ = {isa = PBXBuildFile; fileRef = 3106D8091FB45F5000476D25 /* Group@1x.png */; };
		3106D80D1FB45F5100476D25 /* Group@3x.png in Resources */ = {isa = PBXBuildFile; fileRef = 3106D80A1FB45F5100476D25 /* Group@3x.png */; };
		3106D8101FB4851B00476D25 /* VAHud.m in Sources */ = {isa = PBXBuildFile; fileRef = 3106D80F1FB4851B00476D25 /* VAHud.m */; };
		3106D8181FB4917400476D25 /* Default-568h@2x.png in Resources */ = {isa = PBXBuildFile; fileRef = 3106D8171FB4917400476D25 /* Default-568h@2x.png */; };
		3156083F1FBAD88F002AA751 /* NSString+CDT.m in Sources */ = {isa = PBXBuildFile; fileRef = 3156083C1FBAD88F002AA751 /* NSString+CDT.m */; };
		315608401FBAD88F002AA751 /* UIView+VLAdditions.m in Sources */ = {isa = PBXBuildFile; fileRef = 3156083E1FBAD88F002AA751 /* UIView+VLAdditions.m */; };
		315608441FBAD90D002AA751 /* VAGlobal.m in Sources */ = {isa = PBXBuildFile; fileRef = 315608431FBAD90D002AA751 /* VAGlobal.m */; };
		31D341DF1FB1E7C4006D73CA /* AppDelegate.m in Sources */ = {isa = PBXBuildFile; fileRef = 31D341DE1FB1E7C4006D73CA /* AppDelegate.m */; };
		31D341E21FB1E7C4006D73CA /* ViewController.m in Sources */ = {isa = PBXBuildFile; fileRef = 31D341E11FB1E7C4006D73CA /* ViewController.m */; };
		31D341E51FB1E7C4006D73CA /* Main.storyboard in Resources */ = {isa = PBXBuildFile; fileRef = 31D341E31FB1E7C4006D73CA /* Main.storyboard */; };
		31D341E71FB1E7C4006D73CA /* Assets.xcassets in Resources */ = {isa = PBXBuildFile; fileRef = 31D341E61FB1E7C4006D73CA /* Assets.xcassets */; };
		31D341EA1FB1E7C4006D73CA /* LaunchScreen.storyboard in Resources */ = {isa = PBXBuildFile; fileRef = 31D341E81FB1E7C4006D73CA /* LaunchScreen.storyboard */; };
		31D341ED1FB1E7C4006D73CA /* main.m in Sources */ = {isa = PBXBuildFile; fileRef = 31D341EC1FB1E7C4006D73CA /* main.m */; };
		31D341F61FB1E841006D73CA /* VACapture.m in Sources */ = {isa = PBXBuildFile; fileRef = 31D341F51FB1E841006D73CA /* VACapture.m */; };
		31D341F91FB1E992006D73CA /* H264Encoder.m in Sources */ = {isa = PBXBuildFile; fileRef = 31D341F81FB1E992006D73CA /* H264Encoder.m */; };
		31D342021FB1F4D6006D73CA /* AAPLEAGLLayer.m in Sources */ = {isa = PBXBuildFile; fileRef = 31D342011FB1F4D6006D73CA /* AAPLEAGLLayer.m */; };
		31D623701FBC1C11005DB8ED /* VAAACEncoder.m in Sources */ = {isa = PBXBuildFile; fileRef = 31D6236F1FBC1C11005DB8ED /* VAAACEncoder.m */; };
		31F190151FB5D8C6000FAF7C /* H264Deencoder.m in Sources */ = {isa = PBXBuildFile; fileRef = 31F190141FB5D8C6000FAF7C /* H264Deencoder.m */; };
		7DD4FE171B89B7772201EADA /* libPods-V&A.a in Frameworks */ = {isa = PBXBuildFile; fileRef = 9D878EAE6F715F77EA1E0527 /* libPods-V&A.a */; };
/* End PBXBuildFile section */

/* Begin PBXFileReference section */
		3106D8081FB45F5000476D25 /* Group@2x.png */ = {isa = PBXFileReference; lastKnownFileType = image.png; path = "Group@2x.png"; sourceTree = "<group>"; };
		3106D8091FB45F5000476D25 /* Group@1x.png */ = {isa = PBXFileReference; lastKnownFileType = image.png; path = "Group@1x.png"; sourceTree = "<group>"; };
		3106D80A1FB45F5100476D25 /* Group@3x.png */ = {isa = PBXFileReference; lastKnownFileType = image.png; path = "Group@3x.png"; sourceTree = "<group>"; };
		3106D80E1FB4851B00476D25 /* VAHud.h */ = {isa = PBXFileReference; lastKnownFileType = sourcecode.c.h; path = VAHud.h; sourceTree = "<group>"; };
		3106D80F1FB4851B00476D25 /* VAHud.m */ = {isa = PBXFileReference; lastKnownFileType = sourcecode.c.objc; path = VAHud.m; sourceTree = "<group>"; };
		3106D8161FB4906F00476D25 /* V&A.pch */ = {isa = PBXFileReference; lastKnownFileType = sourcecode.c.h; path = "V&A.pch"; sourceTree = "<group>"; };
		3106D8171FB4917400476D25 /* Default-568h@2x.png */ = {isa = PBXFileReference; lastKnownFileType = image.png; path = "Default-568h@2x.png"; sourceTree = "<group>"; };
		3156083B1FBAD88F002AA751 /* NSString+CDT.h */ = {isa = PBXFileReference; fileEncoding = 4; lastKnownFileType = sourcecode.c.h; path = "NSString+CDT.h"; sourceTree = "<group>"; };
		3156083C1FBAD88F002AA751 /* NSString+CDT.m */ = {isa = PBXFileReference; fileEncoding = 4; lastKnownFileType = sourcecode.c.objc; path = "NSString+CDT.m"; sourceTree = "<group>"; };
		3156083D1FBAD88F002AA751 /* UIView+VLAdditions.h */ = {isa = PBXFileReference; fileEncoding = 4; lastKnownFileType = sourcecode.c.h; path = "UIView+VLAdditions.h"; sourceTree = "<group>"; };
		3156083E1FBAD88F002AA751 /* UIView+VLAdditions.m */ = {isa = PBXFileReference; fileEncoding = 4; lastKnownFileType = sourcecode.c.objc; path = "UIView+VLAdditions.m"; sourceTree = "<group>"; };
		315608421FBAD90D002AA751 /* VAGlobal.h */ = {isa = PBXFileReference; lastKnownFileType = sourcecode.c.h; path = VAGlobal.h; sourceTree = "<group>"; };
		315608431FBAD90D002AA751 /* VAGlobal.m */ = {isa = PBXFileReference; lastKnownFileType = sourcecode.c.objc; path = VAGlobal.m; sourceTree = "<group>"; };
		31D341DA1FB1E7C4006D73CA /* V&A.app */ = {isa = PBXFileReference; explicitFileType = wrapper.application; includeInIndex = 0; path = "V&A.app"; sourceTree = BUILT_PRODUCTS_DIR; };
		31D341DD1FB1E7C4006D73CA /* AppDelegate.h */ = {isa = PBXFileReference; lastKnownFileType = sourcecode.c.h; path = AppDelegate.h; sourceTree = "<group>"; };
		31D341DE1FB1E7C4006D73CA /* AppDelegate.m */ = {isa = PBXFileReference; lastKnownFileType = sourcecode.c.objc; path = AppDelegate.m; sourceTree = "<group>"; };
		31D341E01FB1E7C4006D73CA /* ViewController.h */ = {isa = PBXFileReference; lastKnownFileType = sourcecode.c.h; path = ViewController.h; sourceTree = "<group>"; };
		31D341E11FB1E7C4006D73CA /* ViewController.m */ = {isa = PBXFileReference; lastKnownFileType = sourcecode.c.objc; path = ViewController.m; sourceTree = "<group>"; };
		31D341E41FB1E7C4006D73CA /* Base */ = {isa = PBXFileReference; lastKnownFileType = file.storyboard; name = Base; path = Base.lproj/Main.storyboard; sourceTree = "<group>"; };
		31D341E61FB1E7C4006D73CA /* Assets.xcassets */ = {isa = PBXFileReference; lastKnownFileType = folder.assetcatalog; path = Assets.xcassets; sourceTree = "<group>"; };
		31D341E91FB1E7C4006D73CA /* Base */ = {isa = PBXFileReference; lastKnownFileType = file.storyboard; name = Base; path = Base.lproj/LaunchScreen.storyboard; sourceTree = "<group>"; };
		31D341EB1FB1E7C4006D73CA /* Info.plist */ = {isa = PBXFileReference; lastKnownFileType = text.plist.xml; path = Info.plist; sourceTree = "<group>"; };
		31D341EC1FB1E7C4006D73CA /* main.m */ = {isa = PBXFileReference; lastKnownFileType = sourcecode.c.objc; path = main.m; sourceTree = "<group>"; };
		31D341F41FB1E841006D73CA /* VACapture.h */ = {isa = PBXFileReference; lastKnownFileType = sourcecode.c.h; path = VACapture.h; sourceTree = "<group>"; };
		31D341F51FB1E841006D73CA /* VACapture.m */ = {isa = PBXFileReference; lastKnownFileType = sourcecode.c.objc; path = VACapture.m; sourceTree = "<group>"; };
		31D341F71FB1E992006D73CA /* H264Encoder.h */ = {isa = PBXFileReference; lastKnownFileType = sourcecode.c.h; path = H264Encoder.h; sourceTree = "<group>"; };
		31D341F81FB1E992006D73CA /* H264Encoder.m */ = {isa = PBXFileReference; lastKnownFileType = sourcecode.c.objc; path = H264Encoder.m; sourceTree = "<group>"; };
		31D341FB1FB1EABB006D73CA /* AVFoundation.framework */ = {isa = PBXFileReference; lastKnownFileType = wrapper.framework; name = AVFoundation.framework; path = System/Library/Frameworks/AVFoundation.framework; sourceTree = SDKROOT; };
		31D342001FB1F4D6006D73CA /* AAPLEAGLLayer.h */ = {isa = PBXFileReference; fileEncoding = 4; lastKnownFileType = sourcecode.c.h; path = AAPLEAGLLayer.h; sourceTree = "<group>"; };
		31D342011FB1F4D6006D73CA /* AAPLEAGLLayer.m */ = {isa = PBXFileReference; fileEncoding = 4; lastKnownFileType = sourcecode.c.objc; path = AAPLEAGLLayer.m; sourceTree = "<group>"; };
		31D6236E1FBC1C11005DB8ED /* VAAACEncoder.h */ = {isa = PBXFileReference; lastKnownFileType = sourcecode.c.h; path = VAAACEncoder.h; sourceTree = "<group>"; };
		31D6236F1FBC1C11005DB8ED /* VAAACEncoder.m */ = {isa = PBXFileReference; lastKnownFileType = sourcecode.c.objc; path = VAAACEncoder.m; sourceTree = "<group>"; };
		31F190131FB5D8C6000FAF7C /* H264Deencoder.h */ = {isa = PBXFileReference; lastKnownFileType = sourcecode.c.h; path = H264Deencoder.h; sourceTree = "<group>"; };
		31F190141FB5D8C6000FAF7C /* H264Deencoder.m */ = {isa = PBXFileReference; lastKnownFileType = sourcecode.c.objc; path = H264Deencoder.m; sourceTree = "<group>"; };
		431FBC9A1463310406EA0E7D /* Pods-V&A.debug.xcconfig */ = {isa = PBXFileReference; includeInIndex = 1; lastKnownFileType = text.xcconfig; name = "Pods-V&A.debug.xcconfig"; path = "Pods/Target Support Files/Pods-V&A/Pods-V&A.debug.xcconfig"; sourceTree = "<group>"; };
		9D878EAE6F715F77EA1E0527 /* libPods-V&A.a */ = {isa = PBXFileReference; explicitFileType = archive.ar; includeInIndex = 0; path = "libPods-V&A.a"; sourceTree = BUILT_PRODUCTS_DIR; };
		EA4BE0A76C4A79F722FF2E3E /* Pods-V&A.release.xcconfig */ = {isa = PBXFileReference; includeInIndex = 1; lastKnownFileType = text.xcconfig; name = "Pods-V&A.release.xcconfig"; path = "Pods/Target Support Files/Pods-V&A/Pods-V&A.release.xcconfig"; sourceTree = "<group>"; };
/* End PBXFileReference section */

/* Begin PBXFrameworksBuildPhase section */
		31D341D71FB1E7C4006D73CA /* Frameworks */ = {
			isa = PBXFrameworksBuildPhase;
			buildActionMask = 2147483647;
			files = (
				7DD4FE171B89B7772201EADA /* libPods-V&A.a in Frameworks */,
			);
			runOnlyForDeploymentPostprocessing = 0;
		};
/* End PBXFrameworksBuildPhase section */

/* Begin PBXGroup section */
		3106D7FB1FB4533800476D25 /* Images */ = {
			isa = PBXGroup;
			children = (
				3106D8091FB45F5000476D25 /* Group@1x.png */,
				3106D8081FB45F5000476D25 /* Group@2x.png */,
				3106D80A1FB45F5100476D25 /* Group@3x.png */,
			);
			path = Images;
			sourceTree = "<group>";
		};
		3106D8141FB48FB900476D25 /* SupportingFiles */ = {
			isa = PBXGroup;
			children = (
				31D341E61FB1E7C4006D73CA /* Assets.xcassets */,
				31D341E81FB1E7C4006D73CA /* LaunchScreen.storyboard */,
				31D341EB1FB1E7C4006D73CA /* Info.plist */,
				31D341EC1FB1E7C4006D73CA /* main.m */,
				3106D8161FB4906F00476D25 /* V&A.pch */,
			);
			path = SupportingFiles;
			sourceTree = "<group>";
		};
		3156083A1FBAD88F002AA751 /* Category */ = {
			isa = PBXGroup;
			children = (
				3156083B1FBAD88F002AA751 /* NSString+CDT.h */,
				3156083C1FBAD88F002AA751 /* NSString+CDT.m */,
				3156083D1FBAD88F002AA751 /* UIView+VLAdditions.h */,
				3156083E1FBAD88F002AA751 /* UIView+VLAdditions.m */,
			);
			path = Category;
			sourceTree = "<group>";
		};
		315608411FBAD8EE002AA751 /* Global */ = {
			isa = PBXGroup;
			children = (
				315608421FBAD90D002AA751 /* VAGlobal.h */,
				315608431FBAD90D002AA751 /* VAGlobal.m */,
			);
			path = Global;
			sourceTree = "<group>";
		};
		31D341D11FB1E7C4006D73CA = {
			isa = PBXGroup;
			children = (
				3106D8171FB4917400476D25 /* Default-568h@2x.png */,
				31D341DC1FB1E7C4006D73CA /* V&A */,
				31D341DB1FB1E7C4006D73CA /* Products */,
				31D341FA1FB1EABA006D73CA /* Frameworks */,
				BD8140F8849A0A72301F8BA3 /* Pods */,
			);
			sourceTree = "<group>";
		};
		31D341DB1FB1E7C4006D73CA /* Products */ = {
			isa = PBXGroup;
			children = (
				31D341DA1FB1E7C4006D73CA /* V&A.app */,
			);
			name = Products;
			sourceTree = "<group>";
		};
		31D341DC1FB1E7C4006D73CA /* V&A */ = {
			isa = PBXGroup;
			children = (
				3156083A1FBAD88F002AA751 /* Category */,
				3106D7FB1FB4533800476D25 /* Images */,
				315608411FBAD8EE002AA751 /* Global */,
				31D341FC1FB1EED7006D73CA /* Tools */,
				31D341F31FB1E824006D73CA /* V&ACapture */,
				3106D8141FB48FB900476D25 /* SupportingFiles */,
				31D341DD1FB1E7C4006D73CA /* AppDelegate.h */,
				31D341DE1FB1E7C4006D73CA /* AppDelegate.m */,
				31D341E01FB1E7C4006D73CA /* ViewController.h */,
				31D341E11FB1E7C4006D73CA /* ViewController.m */,
				31D341E31FB1E7C4006D73CA /* Main.storyboard */,
			);
			path = "V&A";
			sourceTree = "<group>";
		};
		31D341F31FB1E824006D73CA /* V&ACapture */ = {
			isa = PBXGroup;
			children = (
				31D341F41FB1E841006D73CA /* VACapture.h */,
				31D341F51FB1E841006D73CA /* VACapture.m */,
				31D341F71FB1E992006D73CA /* H264Encoder.h */,
				31D341F81FB1E992006D73CA /* H264Encoder.m */,
				31F190131FB5D8C6000FAF7C /* H264Deencoder.h */,
				31F190141FB5D8C6000FAF7C /* H264Deencoder.m */,
				31D342001FB1F4D6006D73CA /* AAPLEAGLLayer.h */,
				31D342011FB1F4D6006D73CA /* AAPLEAGLLayer.m */,
				31D6236E1FBC1C11005DB8ED /* VAAACEncoder.h */,
				31D6236F1FBC1C11005DB8ED /* VAAACEncoder.m */,
			);
			path = "V&ACapture";
			sourceTree = "<group>";
		};
		31D341FA1FB1EABA006D73CA /* Frameworks */ = {
			isa = PBXGroup;
			children = (
				31D341FB1FB1EABB006D73CA /* AVFoundation.framework */,
				9D878EAE6F715F77EA1E0527 /* libPods-V&A.a */,
			);
			name = Frameworks;
			sourceTree = "<group>";
		};
		31D341FC1FB1EED7006D73CA /* Tools */ = {
			isa = PBXGroup;
			children = (
				3106D80E1FB4851B00476D25 /* VAHud.h */,
				3106D80F1FB4851B00476D25 /* VAHud.m */,
			);
			path = Tools;
			sourceTree = "<group>";
		};
		BD8140F8849A0A72301F8BA3 /* Pods */ = {
			isa = PBXGroup;
			children = (
				431FBC9A1463310406EA0E7D /* Pods-V&A.debug.xcconfig */,
				EA4BE0A76C4A79F722FF2E3E /* Pods-V&A.release.xcconfig */,
			);
			name = Pods;
			sourceTree = "<group>";
		};
/* End PBXGroup section */

/* Begin PBXNativeTarget section */
		31D341D91FB1E7C4006D73CA /* V&A */ = {
			isa = PBXNativeTarget;
			buildConfigurationList = 31D341F01FB1E7C4006D73CA /* Build configuration list for PBXNativeTarget "V&A" */;
			buildPhases = (
				9E0647876EDC6E2BED21F51B /* [CP] Check Pods Manifest.lock */,
				31D341D61FB1E7C4006D73CA /* Sources */,
				31D341D71FB1E7C4006D73CA /* Frameworks */,
				31D341D81FB1E7C4006D73CA /* Resources */,
				1D88C2BE23909A18C577E665 /* [CP] Embed Pods Frameworks */,
				783C309CBD8395417851B775 /* [CP] Copy Pods Resources */,
			);
			buildRules = (
			);
			dependencies = (
			);
			name = "V&A";
			productName = "V&A";
			productReference = 31D341DA1FB1E7C4006D73CA /* V&A.app */;
			productType = "com.apple.product-type.application";
		};
/* End PBXNativeTarget section */

/* Begin PBXProject section */
		31D341D21FB1E7C4006D73CA /* Project object */ = {
			isa = PBXProject;
			attributes = {
				CLASSPREFIX = VA;
				LastUpgradeCheck = 0910;
				ORGANIZATIONNAME = "梁立保";
				TargetAttributes = {
					31D341D91FB1E7C4006D73CA = {
						CreatedOnToolsVersion = 9.1;
						ProvisioningStyle = Automatic;
					};
				};
			};
			buildConfigurationList = 31D341D51FB1E7C4006D73CA /* Build configuration list for PBXProject "V&A" */;
			compatibilityVersion = "Xcode 8.0";
			developmentRegion = en;
			hasScannedForEncodings = 0;
			knownRegions = (
				en,
				Base,
			);
			mainGroup = 31D341D11FB1E7C4006D73CA;
			productRefGroup = 31D341DB1FB1E7C4006D73CA /* Products */;
			projectDirPath = "";
			projectRoot = "";
			targets = (
				31D341D91FB1E7C4006D73CA /* V&A */,
			);
		};
/* End PBXProject section */

/* Begin PBXResourcesBuildPhase section */
		31D341D81FB1E7C4006D73CA /* Resources */ = {
			isa = PBXResourcesBuildPhase;
			buildActionMask = 2147483647;
			files = (
				31D341EA1FB1E7C4006D73CA /* LaunchScreen.storyboard in Resources */,
				31D341E71FB1E7C4006D73CA /* Assets.xcassets in Resources */,
				3106D80C1FB45F5100476D25 /* Group@1x.png in Resources */,
				3106D80D1FB45F5100476D25 /* Group@3x.png in Resources */,
				3106D80B1FB45F5100476D25 /* Group@2x.png in Resources */,
				3106D8181FB4917400476D25 /* Default-568h@2x.png in Resources */,
				31D341E51FB1E7C4006D73CA /* Main.storyboard in Resources */,
			);
			runOnlyForDeploymentPostprocessing = 0;
		};
/* End PBXResourcesBuildPhase section */

/* Begin PBXShellScriptBuildPhase section */
		1D88C2BE23909A18C577E665 /* [CP] Embed Pods Frameworks */ = {
			isa = PBXShellScriptBuildPhase;
			buildActionMask = 2147483647;
			files = (
			);
			inputPaths = (
			);
			name = "[CP] Embed Pods Frameworks";
			outputPaths = (
			);
			runOnlyForDeploymentPostprocessing = 0;
			shellPath = /bin/sh;
			shellScript = "\"${SRCROOT}/Pods/Target Support Files/Pods-V&A/Pods-V&A-frameworks.sh\"\n";
			showEnvVarsInLog = 0;
		};
		783C309CBD8395417851B775 /* [CP] Copy Pods Resources */ = {
			isa = PBXShellScriptBuildPhase;
			buildActionMask = 2147483647;
			files = (
			);
			inputPaths = (
			);
			name = "[CP] Copy Pods Resources";
			outputPaths = (
			);
			runOnlyForDeploymentPostprocessing = 0;
			shellPath = /bin/sh;
			shellScript = "\"${SRCROOT}/Pods/Target Support Files/Pods-V&A/Pods-V&A-resources.sh\"\n";
			showEnvVarsInLog = 0;
		};
		9E0647876EDC6E2BED21F51B /* [CP] Check Pods Manifest.lock */ = {
			isa = PBXShellScriptBuildPhase;
			buildActionMask = 2147483647;
			files = (
			);
			inputPaths = (
			);
			name = "[CP] Check Pods Manifest.lock";
			outputPaths = (
			);
			runOnlyForDeploymentPostprocessing = 0;
			shellPath = /bin/sh;
			shellScript = "diff \"${PODS_PODFILE_DIR_PATH}/Podfile.lock\" \"${PODS_ROOT}/Manifest.lock\" > /dev/null\nif [ $? != 0 ] ; then\n    # print error to STDERR\n    echo \"error: The sandbox is not in sync with the Podfile.lock. Run 'pod install' or update your CocoaPods installation.\" >&2\n    exit 1\nfi\n";
			showEnvVarsInLog = 0;
		};
/* End PBXShellScriptBuildPhase section */

/* Begin PBXSourcesBuildPhase section */
		31D341D61FB1E7C4006D73CA /* Sources */ = {
			isa = PBXSourcesBuildPhase;
			buildActionMask = 2147483647;
			files = (
				315608401FBAD88F002AA751 /* UIView+VLAdditions.m in Sources */,
				31D623701FBC1C11005DB8ED /* VAAACEncoder.m in Sources */,
				31D342021FB1F4D6006D73CA /* AAPLEAGLLayer.m in Sources */,
				315608441FBAD90D002AA751 /* VAGlobal.m in Sources */,
				31D341F61FB1E841006D73CA /* VACapture.m in Sources */,
				3106D8101FB4851B00476D25 /* VAHud.m in Sources */,
				31F190151FB5D8C6000FAF7C /* H264Deencoder.m in Sources */,
				31D341E21FB1E7C4006D73CA /* ViewController.m in Sources */,
				31D341ED1FB1E7C4006D73CA /* main.m in Sources */,
				3156083F1FBAD88F002AA751 /* NSString+CDT.m in Sources */,
				31D341DF1FB1E7C4006D73CA /* AppDelegate.m in Sources */,
				31D341F91FB1E992006D73CA /* H264Encoder.m in Sources */,
			);
			runOnlyForDeploymentPostprocessing = 0;
		};
/* End PBXSourcesBuildPhase section */

/* Begin PBXVariantGroup section */
		31D341E31FB1E7C4006D73CA /* Main.storyboard */ = {
			isa = PBXVariantGroup;
			children = (
				31D341E41FB1E7C4006D73CA /* Base */,
			);
			name = Main.storyboard;
			sourceTree = "<group>";
		};
		31D341E81FB1E7C4006D73CA /* LaunchScreen.storyboard */ = {
			isa = PBXVariantGroup;
			children = (
				31D341E91FB1E7C4006D73CA /* Base */,
			);
			name = LaunchScreen.storyboard;
			sourceTree = "<group>";
		};
/* End PBXVariantGroup section */

/* Begin XCBuildConfiguration section */
		31D341EE1FB1E7C4006D73CA /* Debug */ = {
			isa = XCBuildConfiguration;
			buildSettings = {
				ALWAYS_SEARCH_USER_PATHS = NO;
				CLANG_ANALYZER_NONNULL = YES;
				CLANG_ANALYZER_NUMBER_OBJECT_CONVERSION = YES_AGGRESSIVE;
				CLANG_CXX_LANGUAGE_STANDARD = "gnu++14";
				CLANG_CXX_LIBRARY = "libc++";
				CLANG_ENABLE_MODULES = YES;
				CLANG_ENABLE_OBJC_ARC = YES;
				CLANG_WARN_BLOCK_CAPTURE_AUTORELEASING = YES;
				CLANG_WARN_BOOL_CONVERSION = YES;
				CLANG_WARN_COMMA = YES;
				CLANG_WARN_CONSTANT_CONVERSION = YES;
				CLANG_WARN_DIRECT_OBJC_ISA_USAGE = YES_ERROR;
				CLANG_WARN_DOCUMENTATION_COMMENTS = YES;
				CLANG_WARN_EMPTY_BODY = YES;
				CLANG_WARN_ENUM_CONVERSION = YES;
				CLANG_WARN_INFINITE_RECURSION = YES;
				CLANG_WARN_INT_CONVERSION = YES;
				CLANG_WARN_NON_LITERAL_NULL_CONVERSION = YES;
				CLANG_WARN_OBJC_LITERAL_CONVERSION = YES;
				CLANG_WARN_OBJC_ROOT_CLASS = YES_ERROR;
				CLANG_WARN_RANGE_LOOP_ANALYSIS = YES;
				CLANG_WARN_STRICT_PROTOTYPES = YES;
				CLANG_WARN_SUSPICIOUS_MOVE = YES;
				CLANG_WARN_UNGUARDED_AVAILABILITY = YES_AGGRESSIVE;
				CLANG_WARN_UNREACHABLE_CODE = YES;
				CLANG_WARN__DUPLICATE_METHOD_MATCH = YES;
				CODE_SIGN_IDENTITY = "iPhone Developer";
				COPY_PHASE_STRIP = NO;
				DEBUG_INFORMATION_FORMAT = dwarf;
				ENABLE_STRICT_OBJC_MSGSEND = YES;
				ENABLE_TESTABILITY = YES;
				GCC_C_LANGUAGE_STANDARD = gnu11;
				GCC_DYNAMIC_NO_PIC = NO;
				GCC_NO_COMMON_BLOCKS = YES;
				GCC_OPTIMIZATION_LEVEL = 0;
				GCC_PREPROCESSOR_DEFINITIONS = (
					"DEBUG=1",
					"$(inherited)",
				);
				GCC_WARN_64_TO_32_BIT_CONVERSION = YES;
				GCC_WARN_ABOUT_RETURN_TYPE = YES_ERROR;
				GCC_WARN_UNDECLARED_SELECTOR = YES;
				GCC_WARN_UNINITIALIZED_AUTOS = YES_AGGRESSIVE;
				GCC_WARN_UNUSED_FUNCTION = YES;
				GCC_WARN_UNUSED_VARIABLE = YES;
				IPHONEOS_DEPLOYMENT_TARGET = 9.0;
				MTL_ENABLE_DEBUG_INFO = YES;
				ONLY_ACTIVE_ARCH = YES;
				SDKROOT = iphoneos;
			};
			name = Debug;
		};
		31D341EF1FB1E7C4006D73CA /* Release */ = {
			isa = XCBuildConfiguration;
			buildSettings = {
				ALWAYS_SEARCH_USER_PATHS = NO;
				CLANG_ANALYZER_NONNULL = YES;
				CLANG_ANALYZER_NUMBER_OBJECT_CONVERSION = YES_AGGRESSIVE;
				CLANG_CXX_LANGUAGE_STANDARD = "gnu++14";
				CLANG_CXX_LIBRARY = "libc++";
				CLANG_ENABLE_MODULES = YES;
				CLANG_ENABLE_OBJC_ARC = YES;
				CLANG_WARN_BLOCK_CAPTURE_AUTORELEASING = YES;
				CLANG_WARN_BOOL_CONVERSION = YES;
				CLANG_WARN_COMMA = YES;
				CLANG_WARN_CONSTANT_CONVERSION = YES;
				CLANG_WARN_DIRECT_OBJC_ISA_USAGE = YES_ERROR;
				CLANG_WARN_DOCUMENTATION_COMMENTS = YES;
				CLANG_WARN_EMPTY_BODY = YES;
				CLANG_WARN_ENUM_CONVERSION = YES;
				CLANG_WARN_INFINITE_RECURSION = YES;
				CLANG_WARN_INT_CONVERSION = YES;
				CLANG_WARN_NON_LITERAL_NULL_CONVERSION = YES;
				CLANG_WARN_OBJC_LITERAL_CONVERSION = YES;
				CLANG_WARN_OBJC_ROOT_CLASS = YES_ERROR;
				CLANG_WARN_RANGE_LOOP_ANALYSIS = YES;
				CLANG_WARN_STRICT_PROTOTYPES = YES;
				CLANG_WARN_SUSPICIOUS_MOVE = YES;
				CLANG_WARN_UNGUARDED_AVAILABILITY = YES_AGGRESSIVE;
				CLANG_WARN_UNREACHABLE_CODE = YES;
				CLANG_WARN__DUPLICATE_METHOD_MATCH = YES;
				CODE_SIGN_IDENTITY = "iPhone Developer";
				COPY_PHASE_STRIP = NO;
				DEBUG_INFORMATION_FORMAT = "dwarf-with-dsym";
				ENABLE_NS_ASSERTIONS = NO;
				ENABLE_STRICT_OBJC_MSGSEND = YES;
				GCC_C_LANGUAGE_STANDARD = gnu11;
				GCC_NO_COMMON_BLOCKS = YES;
				GCC_WARN_64_TO_32_BIT_CONVERSION = YES;
				GCC_WARN_ABOUT_RETURN_TYPE = YES_ERROR;
				GCC_WARN_UNDECLARED_SELECTOR = YES;
				GCC_WARN_UNINITIALIZED_AUTOS = YES_AGGRESSIVE;
				GCC_WARN_UNUSED_FUNCTION = YES;
				GCC_WARN_UNUSED_VARIABLE = YES;
				IPHONEOS_DEPLOYMENT_TARGET = 9.0;
				MTL_ENABLE_DEBUG_INFO = NO;
				SDKROOT = iphoneos;
				VALIDATE_PRODUCT = YES;
			};
			name = Release;
		};
		31D341F11FB1E7C4006D73CA /* Debug */ = {
			isa = XCBuildConfiguration;
			baseConfigurationReference = 431FBC9A1463310406EA0E7D /* Pods-V&A.debug.xcconfig */;
			buildSettings = {
				ASSETCATALOG_COMPILER_APPICON_NAME = AppIcon;
				CODE_SIGN_STYLE = Automatic;
				DEVELOPMENT_TEAM = PQ82P54YUA;
				GCC_PREFIX_HEADER = "V&A/SupportingFiles/V&A.pch";
				INFOPLIST_FILE = "V&A/SupportingFiles/Info.plist";
				IPHONEOS_DEPLOYMENT_TARGET = 9.0;
				LD_RUNPATH_SEARCH_PATHS = "$(inherited) @executable_path/Frameworks";
				PRODUCT_BUNDLE_IDENTIFIER = "com.ss.V-A";
				PRODUCT_NAME = "$(TARGET_NAME)";
				TARGETED_DEVICE_FAMILY = "1,2";
			};
			name = Debug;
		};
		31D341F21FB1E7C4006D73CA /* Release */ = {
			isa = XCBuildConfiguration;
			baseConfigurationReference = EA4BE0A76C4A79F722FF2E3E /* Pods-V&A.release.xcconfig */;
			buildSettings = {
				ASSETCATALOG_COMPILER_APPICON_NAME = AppIcon;
				CODE_SIGN_STYLE = Automatic;
				DEVELOPMENT_TEAM = PQ82P54YUA;
				GCC_PREFIX_HEADER = "V&A/SupportingFiles/V&A.pch";
				INFOPLIST_FILE = "V&A/SupportingFiles/Info.plist";
				IPHONEOS_DEPLOYMENT_TARGET = 9.0;
				LD_RUNPATH_SEARCH_PATHS = "$(inherited) @executable_path/Frameworks";
				PRODUCT_BUNDLE_IDENTIFIER = "com.ss.V-A";
				PRODUCT_NAME = "$(TARGET_NAME)";
				TARGETED_DEVICE_FAMILY = "1,2";
			};
			name = Release;
		};
/* End XCBuildConfiguration section */

/* Begin XCConfigurationList section */
		31D341D51FB1E7C4006D73CA /* Build configuration list for PBXProject "V&A" */ = {
			isa = XCConfigurationList;
			buildConfigurations = (
				31D341EE1FB1E7C4006D73CA /* Debug */,
				31D341EF1FB1E7C4006D73CA /* Release */,
			);
			defaultConfigurationIsVisible = 0;
			defaultConfigurationName = Release;
		};
		31D341F01FB1E7C4006D73CA /* Build configuration list for PBXNativeTarget "V&A" */ = {
			isa = XCConfigurationList;
			buildConfigurations = (
				31D341F11FB1E7C4006D73CA /* Debug */,
				31D341F21FB1E7C4006D73CA /* Release */,
			);
			defaultConfigurationIsVisible = 0;
			defaultConfigurationName = Release;
		};
/* End XCConfigurationList section */
	};
	rootObject = 31D341D21FB1E7C4006D73CA /* Project object */;
}
